<?xml version="1.0" encoding="utf-8"?>
<Project ToolsVersion="4.0" xmlns="http://schemas.microsoft.com/developer/msbuild/2003">
  <ItemGroup>
    <Filter Include="App">
      <UniqueIdentifier>{b7f6f3e8-7f9b-4081-b24d-bd625feb59a9}</UniqueIdentifier>
    </Filter>
    <Filter Include="GameEngine">
      <UniqueIdentifier>{91f108b9-70e6-417c-bd7c-bd6eb9707368}</UniqueIdentifier>
    </Filter>
    <Filter Include="GameEngine\WindowingSystem">
      <UniqueIdentifier>{85aaefe6-07de-4871-8626-0b8d93985816}</UniqueIdentifier>
    </Filter>
    <Filter Include="GameEngine\GraphicsEngine">
      <UniqueIdentifier>{9d362827-16b3-4699-89ac-e9c3dd149f43}</UniqueIdentifier>
    </Filter>
    <Filter Include="GameEngine\Math">
      <UniqueIdentifier>{c6278c3b-4823-4694-a03b-ef24419fdb74}</UniqueIdentifier>
    </Filter>
    <Filter Include="GameEngine\InputSystem">
      <UniqueIdentifier>{71a0b448-ac2b-4c80-9c78-dc8a446df303}</UniqueIdentifier>
    </Filter>
    <Filter Include="GameEngine\GraphicsEngine\RenderSystem">
      <UniqueIdentifier>{07313e48-e4fd-4413-adc2-fb485aadd82e}</UniqueIdentifier>
    </Filter>
    <Filter Include="GameEngine\GraphicsEngine\RenderSystem\ConstantBuffer">
      <UniqueIdentifier>{efd2ca7b-5aa4-4475-9f08-6eea7d94cc37}</UniqueIdentifier>
    </Filter>
    <Filter Include="GameEngine\GraphicsEngine\RenderSystem\DeviceContext">
      <UniqueIdentifier>{bfd89d4b-e449-4230-acaf-f4e58a08a29a}</UniqueIdentifier>
    </Filter>
    <Filter Include="GameEngine\GraphicsEngine\RenderSystem\IndexBuffer">
      <UniqueIdentifier>{909f0da0-2095-4045-9aef-84781085925b}</UniqueIdentifier>
    </Filter>
    <Filter Include="GameEngine\GraphicsEngine\RenderSystem\PixelShader">
      <UniqueIdentifier>{63fa91d1-5f5a-4fca-969f-76d437b903da}</UniqueIdentifier>
    </Filter>
    <Filter Include="GameEngine\GraphicsEngine\RenderSystem\SwapChain">
      <UniqueIdentifier>{68712e03-6662-4279-a950-bddbd9fe2364}</UniqueIdentifier>
    </Filter>
    <Filter Include="GameEngine\GraphicsEngine\RenderSystem\VertexBuffer">
      <UniqueIdentifier>{569824a7-f083-4741-a2ac-998fae52fa24}</UniqueIdentifier>
    </Filter>
    <Filter Include="GameEngine\GraphicsEngine\RenderSystem\VertexShader">
      <UniqueIdentifier>{ce0c5348-c553-40db-ba36-ae6e9958a99f}</UniqueIdentifier>
    </Filter>
    <Filter Include="GameEngine\GraphicsEngine\ResourceManager">
      <UniqueIdentifier>{fff79945-8531-4e49-8aa9-6055fb4970a0}</UniqueIdentifier>
    </Filter>
    <Filter Include="GameEngine\GraphicsEngine\ResourceManager\TextureManager">
      <UniqueIdentifier>{bfcd3e81-8c49-4003-98f2-c56ad502b0d0}</UniqueIdentifier>
    </Filter>
    <Filter Include="GameEngine\GraphicsEngine\RenderSystem\Blender">
      <UniqueIdentifier>{8ff2696b-3cb0-4988-8be6-16606d193817}</UniqueIdentifier>
    </Filter>
    <Filter Include="GameEngine\Manager">
      <UniqueIdentifier>{a46e80f5-6298-4fc1-a882-e05c3c61860e}</UniqueIdentifier>
    </Filter>
    <Filter Include="GameEngine\Manager\GameObjectManager">
      <UniqueIdentifier>{8c0818a3-5890-4d1d-8cb5-18190c80c5eb}</UniqueIdentifier>
    </Filter>
    <Filter Include="GameEngine\Primitives">
      <UniqueIdentifier>{826781f3-b841-4230-8e53-c4afc48d2474}</UniqueIdentifier>
    </Filter>
    <Filter Include="GameEngine\Primitives\Cube">
      <UniqueIdentifier>{d459de60-73bb-4541-a8fd-20eea77003f5}</UniqueIdentifier>
    </Filter>
    <Filter Include="GameEngine\Tools">
      <UniqueIdentifier>{024feb38-aee3-4629-99d9-9b17223e30f2}</UniqueIdentifier>
    </Filter>
    <Filter Include="GameEngine\Tools\EngineTime">
      <UniqueIdentifier>{14483c31-cef8-4b4a-ad94-0de3cd48efb8}</UniqueIdentifier>
    </Filter>
    <Filter Include="GameEngine\Tools\ContantBufferTypes">
      <UniqueIdentifier>{0239c0bf-7175-42b8-839f-62a4e367e277}</UniqueIdentifier>
    </Filter>
    <Filter Include="GameEngine\GraphicsEngine\ResourceManager\MeshManager">
      <UniqueIdentifier>{6eb964fe-69d2-40b0-bb2c-fa5331426204}</UniqueIdentifier>
    </Filter>
    <Filter Include="GameEngine\Components">
      <UniqueIdentifier>{62e52718-699f-49b1-92c8-f479b74f1ac5}</UniqueIdentifier>
    </Filter>
    <Filter Include="GameEngine\Components\Rendering">
      <UniqueIdentifier>{9c445d33-179d-4202-886b-272626ce2b14}</UniqueIdentifier>
    </Filter>
    <Filter Include="GameEngine\Components\Rendering\Camera">
      <UniqueIdentifier>{bf2e90bb-2147-4804-9a46-453d01a4ab3f}</UniqueIdentifier>
    </Filter>
    <Filter Include="GameEngine\Primitives\Plane">
      <UniqueIdentifier>{98b7950e-0513-4942-b3b1-d93ee45f7a93}</UniqueIdentifier>
    </Filter>
    <Filter Include="GameEngine\ShaderEngine">
      <UniqueIdentifier>{cdb3d525-e7e5-4705-b4c2-696aa2941089}</UniqueIdentifier>
    </Filter>
    <Filter Include="GameEngine\ShaderEngine\ShaderManager">
      <UniqueIdentifier>{3c17da98-1a38-4f5b-a6eb-8235d3841631}</UniqueIdentifier>
    </Filter>
    <Filter Include="App\Shaders">
      <UniqueIdentifier>{13cc3a85-f169-413f-a356-b36ac06c8976}</UniqueIdentifier>
    </Filter>
    <Filter Include="App\Shaders\VertexShaders">
      <UniqueIdentifier>{fd78c96f-c241-4a57-9456-1e35f1a83635}</UniqueIdentifier>
    </Filter>
    <Filter Include="App\Shaders\PixelShaders">
      <UniqueIdentifier>{b0f3f142-5e14-4f4f-acc1-967863be04fe}</UniqueIdentifier>
    </Filter>
  </ItemGroup>
  <ItemGroup>
    <ClCompile Include="main.cpp">
      <Filter>App</Filter>
    </ClCompile>
    <ClCompile Include="AppWindow.cpp">
      <Filter>App</Filter>
    </ClCompile>
    <ClCompile Include="Window.cpp">
      <Filter>GameEngine\WindowingSystem</Filter>
    </ClCompile>
    <ClCompile Include="GraphicsEngine.cpp">
      <Filter>GameEngine\GraphicsEngine</Filter>
    </ClCompile>
    <ClCompile Include="SwapChain.cpp">
      <Filter>GameEngine\GraphicsEngine\RenderSystem\SwapChain</Filter>
    </ClCompile>
    <ClCompile Include="DeviceContext.cpp">
      <Filter>GameEngine\GraphicsEngine\RenderSystem\DeviceContext</Filter>
    </ClCompile>
    <ClCompile Include="VertexBuffer.cpp">
      <Filter>GameEngine\GraphicsEngine\RenderSystem\VertexBuffer</Filter>
    </ClCompile>
    <ClCompile Include="VertexShader.cpp">
      <Filter>GameEngine\GraphicsEngine\RenderSystem\VertexShader</Filter>
    </ClCompile>
    <ClCompile Include="PixelShader.cpp">
      <Filter>GameEngine\GraphicsEngine\RenderSystem\PixelShader</Filter>
    </ClCompile>
    <ClCompile Include="ConstantBuffer.cpp">
      <Filter>GameEngine\GraphicsEngine\RenderSystem\ConstantBuffer</Filter>
    </ClCompile>
    <ClCompile Include="IndexBuffer.cpp">
      <Filter>GameEngine\GraphicsEngine\RenderSystem\IndexBuffer</Filter>
    </ClCompile>
    <ClCompile Include="InputSystem.cpp">
      <Filter>GameEngine\InputSystem</Filter>
    </ClCompile>
    <ClCompile Include="RenderSystem.cpp">
      <Filter>GameEngine\GraphicsEngine\RenderSystem</Filter>
    </ClCompile>
    <ClCompile Include="Resource.cpp">
      <Filter>GameEngine\GraphicsEngine\ResourceManager</Filter>
    </ClCompile>
    <ClCompile Include="ResourceManager.cpp">
      <Filter>GameEngine\GraphicsEngine\ResourceManager</Filter>
    </ClCompile>
    <ClCompile Include="Texture.cpp">
      <Filter>GameEngine\GraphicsEngine\ResourceManager\TextureManager</Filter>
    </ClCompile>
    <ClCompile Include="TextureManager.cpp">
      <Filter>GameEngine\GraphicsEngine\ResourceManager\TextureManager</Filter>
    </ClCompile>
    <ClCompile Include="Blender.cpp">
      <Filter>GameEngine\GraphicsEngine\RenderSystem\Blender</Filter>
    </ClCompile>
    <ClCompile Include="AGameObject.cpp">
      <Filter>GameEngine\Manager\GameObjectManager</Filter>
    </ClCompile>
    <ClCompile Include="GameObjectManager.cpp">
      <Filter>GameEngine\Manager\GameObjectManager</Filter>
    </ClCompile>
    <ClCompile Include="Cube.cpp">
      <Filter>GameEngine\Primitives\Cube</Filter>
    </ClCompile>
    <ClCompile Include="EngineTime.cpp">
      <Filter>GameEngine\Tools\EngineTime</Filter>
    </ClCompile>
    <ClCompile Include="PrimitiveCreation.cpp">
      <Filter>GameEngine\Primitives</Filter>
    </ClCompile>
    <ClCompile Include="Mesh.cpp">
      <Filter>GameEngine\GraphicsEngine\ResourceManager\MeshManager</Filter>
    </ClCompile>
    <ClCompile Include="MeshManager.cpp">
      <Filter>GameEngine\GraphicsEngine\ResourceManager\MeshManager</Filter>
    </ClCompile>
    <ClCompile Include="Camera.cpp">
      <Filter>GameEngine\Components\Rendering\Camera</Filter>
    </ClCompile>
    <ClCompile Include="Plane.cpp">
      <Filter>GameEngine\Primitives\Plane</Filter>
    </ClCompile>
    <ClCompile Include="CameraHandler.cpp">
      <Filter>GameEngine\Components\Rendering\Camera</Filter>
    </ClCompile>
    <ClCompile Include="PixelShaderManager.cpp">
      <Filter>GameEngine\ShaderEngine\ShaderManager</Filter>
    </ClCompile>
    <ClCompile Include="VertexShaderManager.cpp">
      <Filter>GameEngine\ShaderEngine\ShaderManager</Filter>
    </ClCompile>
    <ClCompile Include="ShaderEngine.cpp">
      <Filter>GameEngine\ShaderEngine</Filter>
    </ClCompile>
  </ItemGroup>
  <ItemGroup>
    <ClInclude Include="AppWindow.h">
      <Filter>App</Filter>
    </ClInclude>
    <ClInclude Include="Window.h">
      <Filter>GameEngine\WindowingSystem</Filter>
    </ClInclude>
    <ClInclude Include="GraphicsEngine.h">
      <Filter>GameEngine\GraphicsEngine</Filter>
    </ClInclude>
    <ClInclude Include="SwapChain.h">
      <Filter>GameEngine\GraphicsEngine\RenderSystem\SwapChain</Filter>
    </ClInclude>
    <ClInclude Include="DeviceContext.h">
      <Filter>GameEngine\GraphicsEngine\RenderSystem\DeviceContext</Filter>
    </ClInclude>
    <ClInclude Include="VertexBuffer.h">
      <Filter>GameEngine\GraphicsEngine\RenderSystem\VertexBuffer</Filter>
    </ClInclude>
    <ClInclude Include="VertexShader.h">
      <Filter>GameEngine\GraphicsEngine\RenderSystem\VertexShader</Filter>
    </ClInclude>
    <ClInclude Include="PixelShader.h">
      <Filter>GameEngine\GraphicsEngine\RenderSystem\PixelShader</Filter>
    </ClInclude>
    <ClInclude Include="ConstantBuffer.h">
      <Filter>GameEngine\GraphicsEngine\RenderSystem\ConstantBuffer</Filter>
    </ClInclude>
    <ClInclude Include="Vector3D.h">
      <Filter>GameEngine\Math</Filter>
    </ClInclude>
    <ClInclude Include="Matrix4x4.h">
      <Filter>GameEngine\Math</Filter>
    </ClInclude>
    <ClInclude Include="IndexBuffer.h">
      <Filter>GameEngine\GraphicsEngine\RenderSystem\IndexBuffer</Filter>
    </ClInclude>
    <ClInclude Include="InputSystem.h">
      <Filter>GameEngine\InputSystem</Filter>
    </ClInclude>
    <ClInclude Include="InputListener.h">
      <Filter>GameEngine\InputSystem</Filter>
    </ClInclude>
    <ClInclude Include="Point.h">
      <Filter>GameEngine\Math</Filter>
    </ClInclude>
    <ClInclude Include="Vector4D.h">
      <Filter>GameEngine\Math</Filter>
    </ClInclude>
    <ClInclude Include="RenderSystem.h">
      <Filter>GameEngine\GraphicsEngine\RenderSystem</Filter>
    </ClInclude>
    <ClInclude Include="Resource.h">
      <Filter>GameEngine\GraphicsEngine\ResourceManager</Filter>
    </ClInclude>
    <ClInclude Include="ResourceManager.h">
      <Filter>GameEngine\GraphicsEngine\ResourceManager</Filter>
    </ClInclude>
    <ClInclude Include="Texture.h">
      <Filter>GameEngine\GraphicsEngine\ResourceManager\TextureManager</Filter>
    </ClInclude>
    <ClInclude Include="TextureManager.h">
      <Filter>GameEngine\GraphicsEngine\ResourceManager\TextureManager</Filter>
    </ClInclude>
    <ClInclude Include="Vector2D.h">
      <Filter>GameEngine\Math</Filter>
    </ClInclude>
    <ClInclude Include="Blender.h">
      <Filter>GameEngine\GraphicsEngine\RenderSystem\Blender</Filter>
    </ClInclude>
    <ClInclude Include="AGameObject.h">
      <Filter>GameEngine\Manager\GameObjectManager</Filter>
    </ClInclude>
    <ClInclude Include="GameObjectManager.h">
      <Filter>GameEngine\Manager\GameObjectManager</Filter>
    </ClInclude>
    <ClInclude Include="Cube.h">
      <Filter>GameEngine\Primitives\Cube</Filter>
    </ClInclude>
    <ClInclude Include="EngineTime.h">
      <Filter>GameEngine\Tools\EngineTime</Filter>
    </ClInclude>
    <ClInclude Include="PrimitiveCreation.h">
      <Filter>GameEngine\Primitives</Filter>
    </ClInclude>
    <ClInclude Include="ContantBufferTypes.h">
      <Filter>GameEngine\Tools\ContantBufferTypes</Filter>
    </ClInclude>
    <ClInclude Include="RenderPolicies.h">
      <Filter>GameEngine\GraphicsEngine\RenderSystem\Blender</Filter>
    </ClInclude>
    <ClInclude Include="PassRender.h">
      <Filter>GameEngine\GraphicsEngine\RenderSystem\Blender</Filter>
    </ClInclude>
    <ClInclude Include="Mesh.h">
      <Filter>GameEngine\GraphicsEngine\ResourceManager\MeshManager</Filter>
    </ClInclude>
    <ClInclude Include="MeshManager.h">
      <Filter>GameEngine\GraphicsEngine\ResourceManager\MeshManager</Filter>
    </ClInclude>
    <ClInclude Include="Prerequisites.h">
      <Filter>GameEngine\GraphicsEngine</Filter>
    </ClInclude>
    <ClInclude Include="VertexMesh.h">
      <Filter>GameEngine\Math</Filter>
    </ClInclude>
    <ClInclude Include="Camera.h">
      <Filter>GameEngine\Components\Rendering\Camera</Filter>
    </ClInclude>
    <ClInclude Include="Plane.h">
      <Filter>GameEngine\Primitives\Plane</Filter>
    </ClInclude>
    <ClInclude Include="CameraHandler.h">
      <Filter>GameEngine\Components\Rendering\Camera</Filter>
    </ClInclude>
    <ClInclude Include="EnumHandler.h">
      <Filter>GameEngine\Tools</Filter>
    </ClInclude>
    <ClInclude Include="PixelShaderManager.h">
      <Filter>GameEngine\ShaderEngine\ShaderManager</Filter>
    </ClInclude>
    <ClInclude Include="VertexShaderManager.h">
      <Filter>GameEngine\ShaderEngine\ShaderManager</Filter>
    </ClInclude>
    <ClInclude Include="ShaderEngine.h">
      <Filter>GameEngine\ShaderEngine</Filter>
    </ClInclude>
    <ClInclude Include="StructHandler.h">
      <Filter>GameEngine\Tools</Filter>
    </ClInclude>
    <ClInclude Include="Color.h">
      <Filter>GameEngine\Tools</Filter>
    </ClInclude>
  </ItemGroup>
  <ItemGroup>
    <FxCompile Include="shader.fx" />
    <FxCompile Include="PixelTex.hlsl">
      <Filter>App\Shaders\PixelShaders</Filter>
    </FxCompile>
    <FxCompile Include="PixelMesh.hlsl">
      <Filter>App\Shaders\PixelShaders</Filter>
    </FxCompile>
    <FxCompile Include="VertexMesh.hlsl">
      <Filter>App\Shaders\VertexShaders</Filter>
    </FxCompile>
    <FxCompile Include="VertexTex.hlsl">
      <Filter>App\Shaders\VertexShaders</Filter>
    </FxCompile>
    <FxCompile Include="VertexColor.hlsl">
      <Filter>App\Shaders\VertexShaders</Filter>
    </FxCompile>
    <FxCompile Include="VertexColorLerp.hlsl">
      <Filter>App\Shaders\VertexShaders</Filter>
    </FxCompile>
    <FxCompile Include="PixelColor.hlsl">
      <Filter>App\Shaders\PixelShaders</Filter>
    </FxCompile>
    <FxCompile Include="PixelColorLerp.hlsl">
      <Filter>App\Shaders\PixelShaders</Filter>
    </FxCompile>
  </ItemGroup>
</Project>